
Microsoft Visual Studio Solution File, Format Version 12.00
# Visual Studio 15
VisualStudioVersion = 15.0.27428.2043
MinimumVisualStudioVersion = 10.0.40219.1
Project("{FAE04EC0-301F-11D3-BF4B-00C04F79EFBC}") = "WindowsFormsApp1", "WindowsFormsApp1\WindowsFormsApp1.csproj", "{D3D310E1-1770-4CB0-95A7-08158FA8746C}"
EndProject
Global
	GlobalSection(SolutionConfigurationPlatforms) = preSolution
		Debug|Any CPU = Debug|Any CPU
		Debug|x64 = Debug|x64
		Release|Any CPU = Release|Any CPU
		Release|x64 = Release|x64
		Relis|Any CPU = Relis|Any CPU
		Relis|x64 = Relis|x64
	EndGlobalSection
	GlobalSection(ProjectConfigurationPlatforms) = postSolution
		{D3D310E1-1770-4CB0-95A7-08158FA8746C}.Debug|Any CPU.ActiveCfg = Debug|Any CPU
		{D3D310E1-1770-4CB0-95A7-08158FA8746C}.Debug|Any CPU.Build.0 = Debug|Any CPU
		{D3D310E1-1770-4CB0-95A7-08158FA8746C}.Debug|x64.ActiveCfg = Debug|x64
		{D3D310E1-1770-4CB0-95A7-08158FA8746C}.Debug|x64.Build.0 = Debug|x64
		{D3D310E1-1770-4CB0-95A7-08158FA8746C}.Release|Any CPU.ActiveCfg = Release|Any CPU
		{D3D310E1-1770-4CB0-95A7-08158FA8746C}.Release|Any CPU.Build.0 = Release|Any CPU
		{D3D310E1-1770-4CB0-95A7-08158FA8746C}.Release|x64.ActiveCfg = Release|x64
		{D3D310E1-1770-4CB0-95A7-08158FA8746C}.Release|x64.Build.0 = Release|x64
		{D3D310E1-1770-4CB0-95A7-08158FA8746C}.Relis|Any CPU.ActiveCfg = Relis|Any CPU
		{D3D310E1-1770-4CB0-95A7-08158FA8746C}.Relis|Any CPU.Build.0 = Relis|Any CPU
		{D3D310E1-1770-4CB0-95A7-08158FA8746C}.Relis|x64.ActiveCfg = Relis|x64
		{D3D310E1-1770-4CB0-95A7-08158FA8746C}.Relis|x64.Build.0 = Relis|x64
	EndGlobalSection
	GlobalSection(SolutionProperties) = preSolution
		HideSolutionNode = FALSE
	EndGlobalSection
	GlobalSection(ExtensibilityGlobals) = postSolution
		SolutionGuid = {A749A0EC-DC85-4E72-A7A8-86AD175B4231}
	EndGlobalSection
EndGlobal
